
Microsoft Visual Studio Solution File, Format Version 12.00
# Visual Studio 15
VisualStudioVersion = 15.0.28307.1231
MinimumVisualStudioVersion = 10.0.40219.1
Project("{FAE04EC0-301F-11D3-BF4B-00C04F79EFBC}") = "JuegoConsola2", "JuegoConsola2\JuegoConsola2.csproj", "{0A0EAE49-076E-4983-A396-00DD99555D12}"
EndProject
Global
	GlobalSection(SolutionConfigurationPlatforms) = preSolution
		Debug|Any CPU = Debug|Any CPU
		Release|Any CPU = Release|Any CPU
	EndGlobalSection
	GlobalSection(ProjectConfigurationPlatforms) = postSolution
		{0A0EAE49-076E-4983-A396-00DD99555D12}.Debug|Any CPU.ActiveCfg = Debug|Any CPU
		{0A0EAE49-076E-4983-A396-00DD99555D12}.Debug|Any CPU.Build.0 = Debug|Any CPU
		{0A0EAE49-076E-4983-A396-00DD99555D12}.Release|Any CPU.ActiveCfg = Release|Any CPU
		{0A0EAE49-076E-4983-A396-00DD99555D12}.Release|Any CPU.Build.0 = Release|Any CPU
	EndGlobalSection
	GlobalSection(SolutionProperties) = preSolution
		HideSolutionNode = FALSE
	EndGlobalSection
	GlobalSection(ExtensibilityGlobals) = postSolution
		SolutionGuid = {C7FEC7E5-9FC5-4304-BA4D-663BC7E5C20B}
	EndGlobalSection
EndGlobal
