
Microsoft Visual Studio Solution File, Format Version 12.00
# Visual Studio 15
VisualStudioVersion = 15.0.28307.1231
MinimumVisualStudioVersion = 10.0.40219.1
Project("{FAE04EC0-301F-11D3-BF4B-00C04F79EFBC}") = "Juego01h", "Juego01h\Juego01h.csproj", "{D3E43A1A-73AD-4777-AC4A-F91BA80FF90C}"
EndProject
Global
	GlobalSection(SolutionConfigurationPlatforms) = preSolution
		Debug|Any CPU = Debug|Any CPU
		Release|Any CPU = Release|Any CPU
	EndGlobalSection
	GlobalSection(ProjectConfigurationPlatforms) = postSolution
		{D3E43A1A-73AD-4777-AC4A-F91BA80FF90C}.Debug|Any CPU.ActiveCfg = Debug|Any CPU
		{D3E43A1A-73AD-4777-AC4A-F91BA80FF90C}.Debug|Any CPU.Build.0 = Debug|Any CPU
		{D3E43A1A-73AD-4777-AC4A-F91BA80FF90C}.Release|Any CPU.ActiveCfg = Release|Any CPU
		{D3E43A1A-73AD-4777-AC4A-F91BA80FF90C}.Release|Any CPU.Build.0 = Release|Any CPU
	EndGlobalSection
	GlobalSection(SolutionProperties) = preSolution
		HideSolutionNode = FALSE
	EndGlobalSection
	GlobalSection(ExtensibilityGlobals) = postSolution
		SolutionGuid = {802D3FBD-C410-4582-A8C5-032E6E400F79}
	EndGlobalSection
EndGlobal
